{
  "requires": true,
  "lockfileVersion": 1,
  "dependencies": {
    "@types/googlemaps": {
      "version": "3.37.4",
      "resolved": "https://registry.npmjs.org/@types/googlemaps/-/googlemaps-3.37.4.tgz",
      "integrity": "sha512-T5thwZQCOCio5ACHOfqPI51W9FA3WkTb6mnaMnkkOfmpi20uXuMi+/IXE2YyUwBR07RQ2TAT9vchLJ+5mCtuag=="
    }
  }
}
