{
  "name": "Grave-Finder",
  "version": "1.0.0",
  "lockfileVersion": 1,
  "requires": true,
  "dependencies": {
    "@types/dom-inputevent": {
      "version": "1.0.5",
      "resolved": "https://registry.npmjs.org/@types/dom-inputevent/-/dom-inputevent-1.0.5.tgz",
      "integrity": "sha512-oL8NzIAn1J8vsIigjEM2qip6PUBRkb1kE+3gbM+NvSCzrScgz+Ixymuv9Z9jmktVjeHWMJc9zhP49YBUBeCTaQ=="
    },
    "@types/googlemaps": {
      "version": "3.37.4",
      "resolved": "https://registry.npmjs.org/@types/googlemaps/-/googlemaps-3.37.4.tgz",
      "integrity": "sha512-T5thwZQCOCio5ACHOfqPI51W9FA3WkTb6mnaMnkkOfmpi20uXuMi+/IXE2YyUwBR07RQ2TAT9vchLJ+5mCtuag=="
    }
  }
}
